
Microsoft Visual Studio Solution File, Format Version 12.00
# Visual Studio 14
VisualStudioVersion = 14.0.23107.0
MinimumVisualStudioVersion = 10.0.40219.1
Project("{FAE04EC0-301F-11D3-BF4B-00C04F79EFBC}") = "NudgeMe.WinForms", "NudgeMe.WinForms\NudgeMe.WinForms.csproj", "{50E31003-7316-4D67-B37A-D011DD8587C9}"
EndProject
Project("{FAE04EC0-301F-11D3-BF4B-00C04F79EFBC}") = "NudgeMe.UnitTests", "NudgeMe.UnitTests\NudgeMe.UnitTests.csproj", "{98F577FD-965B-48FE-9D63-F8BCB7B34FD7}"
EndProject
Global
	GlobalSection(SolutionConfigurationPlatforms) = preSolution
		Debug|Any CPU = Debug|Any CPU
		Release|Any CPU = Release|Any CPU
	EndGlobalSection
	GlobalSection(ProjectConfigurationPlatforms) = postSolution
		{50E31003-7316-4D67-B37A-D011DD8587C9}.Debug|Any CPU.ActiveCfg = Debug|Any CPU
		{50E31003-7316-4D67-B37A-D011DD8587C9}.Debug|Any CPU.Build.0 = Debug|Any CPU
		{50E31003-7316-4D67-B37A-D011DD8587C9}.Release|Any CPU.ActiveCfg = Release|Any CPU
		{50E31003-7316-4D67-B37A-D011DD8587C9}.Release|Any CPU.Build.0 = Release|Any CPU
		{98F577FD-965B-48FE-9D63-F8BCB7B34FD7}.Debug|Any CPU.ActiveCfg = Debug|Any CPU
		{98F577FD-965B-48FE-9D63-F8BCB7B34FD7}.Debug|Any CPU.Build.0 = Debug|Any CPU
		{98F577FD-965B-48FE-9D63-F8BCB7B34FD7}.Release|Any CPU.ActiveCfg = Release|Any CPU
		{98F577FD-965B-48FE-9D63-F8BCB7B34FD7}.Release|Any CPU.Build.0 = Release|Any CPU
	EndGlobalSection
	GlobalSection(SolutionProperties) = preSolution
		HideSolutionNode = FALSE
	EndGlobalSection
EndGlobal
